
Microsoft Visual Studio Solution File, Format Version 12.00
# Visual Studio Version 17
VisualStudioVersion = 17.0.31903.59
MinimumVisualStudioVersion = 10.0.40219.1
Project("{2150E333-8FDC-42A3-9474-1A3956D46DE8}") = "src", "src", "{827E0CD3-B72D-47B6-A68D-7590B98EB39B}"
EndProject
Project("{FAE04EC0-301F-11D3-BF4B-00C04F79EFBC}") = "PixelEngine.Audio", "src\PixelEngine.Audio\PixelEngine.Audio.csproj", "{5311FFC8-C0AD-4DEC-B426-044B6F436660}"
EndProject
Project("{FAE04EC0-301F-11D3-BF4B-00C04F79EFBC}") = "PixelEngine.Core", "src\PixelEngine.Core\PixelEngine.Core.csproj", "{1D6B5FC2-6A4A-4638-AC92-1B40F3AAB213}"
EndProject
Project("{FAE04EC0-301F-11D3-BF4B-00C04F79EFBC}") = "PixelEngine.Content", "src\PixelEngine.Content\PixelEngine.Content.csproj", "{AAAFCB0F-EF44-4451-87FE-B56E2BBF0982}"
EndProject
Project("{FAE04EC0-301F-11D3-BF4B-00C04F79EFBC}") = "PixelEngine.Simulation", "src\PixelEngine.Simulation\PixelEngine.Simulation.csproj", "{96B6706C-DED4-42BA-A2E5-C2E474B57283}"
EndProject
Project("{FAE04EC0-301F-11D3-BF4B-00C04F79EFBC}") = "PixelEngine.Editor", "src\PixelEngine.Editor\PixelEngine.Editor.csproj", "{31182574-A080-49AE-84CF-4415C20B013E}"
EndProject
Project("{FAE04EC0-301F-11D3-BF4B-00C04F79EFBC}") = "PixelEngine.Physics", "src\PixelEngine.Physics\PixelEngine.Physics.csproj", "{F8779D23-33D2-4AF9-8C4B-E5A41043D637}"
EndProject
Project("{FAE04EC0-301F-11D3-BF4B-00C04F79EFBC}") = "PixelEngine.Interop", "src\PixelEngine.Interop\PixelEngine.Interop.csproj", "{AFB7E413-24C0-4618-BA03-5B89B1E31F93}"
EndProject
Project("{FAE04EC0-301F-11D3-BF4B-00C04F79EFBC}") = "PixelEngine.World", "src\PixelEngine.World\PixelEngine.World.csproj", "{3B2C743E-4650-44DB-ADA8-023560902EA3}"
EndProject
Project("{FAE04EC0-301F-11D3-BF4B-00C04F79EFBC}") = "PixelEngine.Serialization", "src\PixelEngine.Serialization\PixelEngine.Serialization.csproj", "{2ECA573F-E0EB-43B3-AB90-18FBD4CEA2AF}"
EndProject
Project("{FAE04EC0-301F-11D3-BF4B-00C04F79EFBC}") = "PixelEngine.Rendering", "src\PixelEngine.Rendering\PixelEngine.Rendering.csproj", "{FF6C2D57-C6A7-48F3-A683-A04F826C73BB}"
EndProject
Project("{FAE04EC0-301F-11D3-BF4B-00C04F79EFBC}") = "PixelEngine.Scripting", "src\PixelEngine.Scripting\PixelEngine.Scripting.csproj", "{62FE9653-F651-47C1-84BE-04BA8F876730}"
EndProject
Project("{FAE04EC0-301F-11D3-BF4B-00C04F79EFBC}") = "PixelEngine.Hosting", "src\PixelEngine.Hosting\PixelEngine.Hosting.csproj", "{3C4F9621-A1F8-4BD3-A936-443352F9D25E}"
EndProject
Project("{2150E333-8FDC-42A3-9474-1A3956D46DE8}") = "demo", "demo", "{A39C23D2-F2C0-258D-165A-CF1E7FEE6E7B}"
EndProject
Project("{FAE04EC0-301F-11D3-BF4B-00C04F79EFBC}") = "PixelEngine.Demo", "demo\PixelEngine.Demo\PixelEngine.Demo.csproj", "{C88AE36E-59CF-4F4F-BBC0-205DE7BA6410}"
EndProject
Project("{2150E333-8FDC-42A3-9474-1A3956D46DE8}") = "tests", "tests", "{0AB3BF05-4346-4AA6-1389-037BE0695223}"
EndProject
Project("{FAE04EC0-301F-11D3-BF4B-00C04F79EFBC}") = "PixelEngine.Physics.Tests", "tests\PixelEngine.Physics.Tests\PixelEngine.Physics.Tests.csproj", "{24B85DE5-A7AF-4C35-B647-050E1F7A1620}"
EndProject
Project("{FAE04EC0-301F-11D3-BF4B-00C04F79EFBC}") = "PixelEngine.Scripting.Tests", "tests\PixelEngine.Scripting.Tests\PixelEngine.Scripting.Tests.csproj", "{37B5BC74-8AC7-40EC-A819-A7BB13DEDE90}"
EndProject
Project("{FAE04EC0-301F-11D3-BF4B-00C04F79EFBC}") = "PixelEngine.Serialization.Tests", "tests\PixelEngine.Serialization.Tests\PixelEngine.Serialization.Tests.csproj", "{F987E874-20C2-450F-85B3-00165F92FBC4}"
EndProject
Project("{FAE04EC0-301F-11D3-BF4B-00C04F79EFBC}") = "PixelEngine.Simulation.Tests", "tests\PixelEngine.Simulation.Tests\PixelEngine.Simulation.Tests.csproj", "{D4C56760-8EA1-4B04-A3CF-AFA27D9D8260}"
EndProject
Project("{2150E333-8FDC-42A3-9474-1A3956D46DE8}") = "bench", "bench", "{760AB15A-8938-8D9B-BEDE-5CE1484B84C3}"
EndProject
Project("{FAE04EC0-301F-11D3-BF4B-00C04F79EFBC}") = "PixelEngine.Benchmarks", "bench\PixelEngine.Benchmarks\PixelEngine.Benchmarks.csproj", "{18DE4DBF-EEB7-4797-B605-133AC7B6EA12}"
EndProject
Project("{2150E333-8FDC-42A3-9474-1A3956D46DE8}") = "Build", "Build", "{4B4D74E2-72E9-4E0F-9B1A-8605B6485E5C}"
	ProjectSection(SolutionItems) = preProject
		.github\.gitkeep = .github\.gitkeep
		.github\workflows\ci.yml = .github\workflows\ci.yml
		.editorconfig = .editorconfig
		.gitattributes = .gitattributes
		.gitignore = .gitignore
		.gitmodules = .gitmodules
		AGENTS.md = AGENTS.md
		Directory.Build.props = Directory.Build.props
		Directory.Build.targets = Directory.Build.targets
		Directory.Packages.props = Directory.Packages.props
		global.json = global.json
		LICENSE = LICENSE
		native\CMakeLists.txt = native\CMakeLists.txt
		native\CMakePresets.json = native\CMakePresets.json
		native\.gitkeep = native\.gitkeep
		native\PixelEngine.Native.targets = native\PixelEngine.Native.targets
		native\toolchains\linux-arm64.cmake = native\toolchains\linux-arm64.cmake
		nuget.config = nuget.config
		tools\build-native.ps1 = tools\build-native.ps1
		tools\build-native.sh = tools\build-native.sh
		tools\.gitkeep = tools\.gitkeep
		tools\verify-publish.ps1 = tools\verify-publish.ps1
	EndProjectSection
EndProject
Project("{FAE04EC0-301F-11D3-BF4B-00C04F79EFBC}") = "PixelEngine.Core.Tests", "tests\PixelEngine.Core.Tests\PixelEngine.Core.Tests.csproj", "{D44E6DE0-547D-43F6-A95E-34317A611FBB}"
EndProject
Project("{FAE04EC0-301F-11D3-BF4B-00C04F79EFBC}") = "PixelEngine.Content.Tests", "tests\PixelEngine.Content.Tests\PixelEngine.Content.Tests.csproj", "{32CA00B7-8FD4-48B3-A419-472EA12B4D2D}"
EndProject
Project("{FAE04EC0-301F-11D3-BF4B-00C04F79EFBC}") = "PixelEngine.World.Tests", "tests\PixelEngine.World.Tests\PixelEngine.World.Tests.csproj", "{98E15647-0B27-471E-99FC-F59ECADC99A5}"
EndProject
Project("{FAE04EC0-301F-11D3-BF4B-00C04F79EFBC}") = "PixelEngine.Hosting.Tests", "tests\PixelEngine.Hosting.Tests\PixelEngine.Hosting.Tests.csproj", "{478ACE1D-F02D-48AB-AD53-FD073260B614}"
EndProject
Project("{FAE04EC0-301F-11D3-BF4B-00C04F79EFBC}") = "PixelEngine.Rendering.Tests", "tests\PixelEngine.Rendering.Tests\PixelEngine.Rendering.Tests.csproj", "{0D7C0F8C-5BCB-454F-A861-05F85D6B9490}"
EndProject
Project("{FAE04EC0-301F-11D3-BF4B-00C04F79EFBC}") = "PixelEngine.Audio.Tests", "tests\PixelEngine.Audio.Tests\PixelEngine.Audio.Tests.csproj", "{777EDDD4-8B99-4069-8F19-DCDD3D4C3BC1}"
EndProject
Project("{FAE04EC0-301F-11D3-BF4B-00C04F79EFBC}") = "PixelEngine.Editor.Tests", "tests\PixelEngine.Editor.Tests\PixelEngine.Editor.Tests.csproj", "{A0F2E9AC-1AF7-43D0-880A-20E0C65D16EF}"
EndProject
Project("{FAE04EC0-301F-11D3-BF4B-00C04F79EFBC}") = "PixelEngine.Demo.Tests", "tests\PixelEngine.Demo.Tests\PixelEngine.Demo.Tests.csproj", "{5D083983-1D52-40A1-8F60-67392F6E6802}"
EndProject
Global
	GlobalSection(SolutionConfigurationPlatforms) = preSolution
		Debug|Any CPU = Debug|Any CPU
		Debug|x64 = Debug|x64
		Debug|x86 = Debug|x86
		Release|Any CPU = Release|Any CPU
		Release|x64 = Release|x64
		Release|x86 = Release|x86
	EndGlobalSection
	GlobalSection(ProjectConfigurationPlatforms) = postSolution
		{5311FFC8-C0AD-4DEC-B426-044B6F436660}.Debug|Any CPU.ActiveCfg = Debug|Any CPU
		{5311FFC8-C0AD-4DEC-B426-044B6F436660}.Debug|Any CPU.Build.0 = Debug|Any CPU
		{5311FFC8-C0AD-4DEC-B426-044B6F436660}.Debug|x64.ActiveCfg = Debug|Any CPU
		{5311FFC8-C0AD-4DEC-B426-044B6F436660}.Debug|x64.Build.0 = Debug|Any CPU
		{5311FFC8-C0AD-4DEC-B426-044B6F436660}.Debug|x86.ActiveCfg = Debug|Any CPU
		{5311FFC8-C0AD-4DEC-B426-044B6F436660}.Debug|x86.Build.0 = Debug|Any CPU
		{5311FFC8-C0AD-4DEC-B426-044B6F436660}.Release|Any CPU.ActiveCfg = Release|Any CPU
		{5311FFC8-C0AD-4DEC-B426-044B6F436660}.Release|Any CPU.Build.0 = Release|Any CPU
		{5311FFC8-C0AD-4DEC-B426-044B6F436660}.Release|x64.ActiveCfg = Release|Any CPU
		{5311FFC8-C0AD-4DEC-B426-044B6F436660}.Release|x64.Build.0 = Release|Any CPU
		{5311FFC8-C0AD-4DEC-B426-044B6F436660}.Release|x86.ActiveCfg = Release|Any CPU
		{5311FFC8-C0AD-4DEC-B426-044B6F436660}.Release|x86.Build.0 = Release|Any CPU
		{1D6B5FC2-6A4A-4638-AC92-1B40F3AAB213}.Debug|Any CPU.ActiveCfg = Debug|Any CPU
		{1D6B5FC2-6A4A-4638-AC92-1B40F3AAB213}.Debug|Any CPU.Build.0 = Debug|Any CPU
		{1D6B5FC2-6A4A-4638-AC92-1B40F3AAB213}.Debug|x64.ActiveCfg = Debug|Any CPU
		{1D6B5FC2-6A4A-4638-AC92-1B40F3AAB213}.Debug|x64.Build.0 = Debug|Any CPU
		{1D6B5FC2-6A4A-4638-AC92-1B40F3AAB213}.Debug|x86.ActiveCfg = Debug|Any CPU
		{1D6B5FC2-6A4A-4638-AC92-1B40F3AAB213}.Debug|x86.Build.0 = Debug|Any CPU
		{1D6B5FC2-6A4A-4638-AC92-1B40F3AAB213}.Release|Any CPU.ActiveCfg = Release|Any CPU
		{1D6B5FC2-6A4A-4638-AC92-1B40F3AAB213}.Release|Any CPU.Build.0 = Release|Any CPU
		{1D6B5FC2-6A4A-4638-AC92-1B40F3AAB213}.Release|x64.ActiveCfg = Release|Any CPU
		{1D6B5FC2-6A4A-4638-AC92-1B40F3AAB213}.Release|x64.Build.0 = Release|Any CPU
		{1D6B5FC2-6A4A-4638-AC92-1B40F3AAB213}.Release|x86.ActiveCfg = Release|Any CPU
		{1D6B5FC2-6A4A-4638-AC92-1B40F3AAB213}.Release|x86.Build.0 = Release|Any CPU
		{AAAFCB0F-EF44-4451-87FE-B56E2BBF0982}.Debug|Any CPU.ActiveCfg = Debug|Any CPU
		{AAAFCB0F-EF44-4451-87FE-B56E2BBF0982}.Debug|Any CPU.Build.0 = Debug|Any CPU
		{AAAFCB0F-EF44-4451-87FE-B56E2BBF0982}.Debug|x64.ActiveCfg = Debug|Any CPU
		{AAAFCB0F-EF44-4451-87FE-B56E2BBF0982}.Debug|x64.Build.0 = Debug|Any CPU
		{AAAFCB0F-EF44-4451-87FE-B56E2BBF0982}.Debug|x86.ActiveCfg = Debug|Any CPU
		{AAAFCB0F-EF44-4451-87FE-B56E2BBF0982}.Debug|x86.Build.0 = Debug|Any CPU
		{AAAFCB0F-EF44-4451-87FE-B56E2BBF0982}.Release|Any CPU.ActiveCfg = Release|Any CPU
		{AAAFCB0F-EF44-4451-87FE-B56E2BBF0982}.Release|Any CPU.Build.0 = Release|Any CPU
		{AAAFCB0F-EF44-4451-87FE-B56E2BBF0982}.Release|x64.ActiveCfg = Release|Any CPU
		{AAAFCB0F-EF44-4451-87FE-B56E2BBF0982}.Release|x64.Build.0 = Release|Any CPU
		{AAAFCB0F-EF44-4451-87FE-B56E2BBF0982}.Release|x86.ActiveCfg = Release|Any CPU
		{AAAFCB0F-EF44-4451-87FE-B56E2BBF0982}.Release|x86.Build.0 = Release|Any CPU
		{96B6706C-DED4-42BA-A2E5-C2E474B57283}.Debug|Any CPU.ActiveCfg = Debug|Any CPU
		{96B6706C-DED4-42BA-A2E5-C2E474B57283}.Debug|Any CPU.Build.0 = Debug|Any CPU
		{96B6706C-DED4-42BA-A2E5-C2E474B57283}.Debug|x64.ActiveCfg = Debug|Any CPU
		{96B6706C-DED4-42BA-A2E5-C2E474B57283}.Debug|x64.Build.0 = Debug|Any CPU
		{96B6706C-DED4-42BA-A2E5-C2E474B57283}.Debug|x86.ActiveCfg = Debug|Any CPU
		{96B6706C-DED4-42BA-A2E5-C2E474B57283}.Debug|x86.Build.0 = Debug|Any CPU
		{96B6706C-DED4-42BA-A2E5-C2E474B57283}.Release|Any CPU.ActiveCfg = Release|Any CPU
		{96B6706C-DED4-42BA-A2E5-C2E474B57283}.Release|Any CPU.Build.0 = Release|Any CPU
		{96B6706C-DED4-42BA-A2E5-C2E474B57283}.Release|x64.ActiveCfg = Release|Any CPU
		{96B6706C-DED4-42BA-A2E5-C2E474B57283}.Release|x64.Build.0 = Release|Any CPU
		{96B6706C-DED4-42BA-A2E5-C2E474B57283}.Release|x86.ActiveCfg = Release|Any CPU
		{96B6706C-DED4-42BA-A2E5-C2E474B57283}.Release|x86.Build.0 = Release|Any CPU
		{31182574-A080-49AE-84CF-4415C20B013E}.Debug|Any CPU.ActiveCfg = Debug|Any CPU
		{31182574-A080-49AE-84CF-4415C20B013E}.Debug|Any CPU.Build.0 = Debug|Any CPU
		{31182574-A080-49AE-84CF-4415C20B013E}.Debug|x64.ActiveCfg = Debug|Any CPU
		{31182574-A080-49AE-84CF-4415C20B013E}.Debug|x64.Build.0 = Debug|Any CPU
		{31182574-A080-49AE-84CF-4415C20B013E}.Debug|x86.ActiveCfg = Debug|Any CPU
		{31182574-A080-49AE-84CF-4415C20B013E}.Debug|x86.Build.0 = Debug|Any CPU
		{31182574-A080-49AE-84CF-4415C20B013E}.Release|Any CPU.ActiveCfg = Release|Any CPU
		{31182574-A080-49AE-84CF-4415C20B013E}.Release|Any CPU.Build.0 = Release|Any CPU
		{31182574-A080-49AE-84CF-4415C20B013E}.Release|x64.ActiveCfg = Release|Any CPU
		{31182574-A080-49AE-84CF-4415C20B013E}.Release|x64.Build.0 = Release|Any CPU
		{31182574-A080-49AE-84CF-4415C20B013E}.Release|x86.ActiveCfg = Release|Any CPU
		{31182574-A080-49AE-84CF-4415C20B013E}.Release|x86.Build.0 = Release|Any CPU
		{F8779D23-33D2-4AF9-8C4B-E5A41043D637}.Debug|Any CPU.ActiveCfg = Debug|Any CPU
		{F8779D23-33D2-4AF9-8C4B-E5A41043D637}.Debug|Any CPU.Build.0 = Debug|Any CPU
		{F8779D23-33D2-4AF9-8C4B-E5A41043D637}.Debug|x64.ActiveCfg = Debug|Any CPU
		{F8779D23-33D2-4AF9-8C4B-E5A41043D637}.Debug|x64.Build.0 = Debug|Any CPU
		{F8779D23-33D2-4AF9-8C4B-E5A41043D637}.Debug|x86.ActiveCfg = Debug|Any CPU
		{F8779D23-33D2-4AF9-8C4B-E5A41043D637}.Debug|x86.Build.0 = Debug|Any CPU
		{F8779D23-33D2-4AF9-8C4B-E5A41043D637}.Release|Any CPU.ActiveCfg = Release|Any CPU
		{F8779D23-33D2-4AF9-8C4B-E5A41043D637}.Release|Any CPU.Build.0 = Release|Any CPU
		{F8779D23-33D2-4AF9-8C4B-E5A41043D637}.Release|x64.ActiveCfg = Release|Any CPU
		{F8779D23-33D2-4AF9-8C4B-E5A41043D637}.Release|x64.Build.0 = Release|Any CPU
		{F8779D23-33D2-4AF9-8C4B-E5A41043D637}.Release|x86.ActiveCfg = Release|Any CPU
		{F8779D23-33D2-4AF9-8C4B-E5A41043D637}.Release|x86.Build.0 = Release|Any CPU
		{AFB7E413-24C0-4618-BA03-5B89B1E31F93}.Debug|Any CPU.ActiveCfg = Debug|Any CPU
		{AFB7E413-24C0-4618-BA03-5B89B1E31F93}.Debug|Any CPU.Build.0 = Debug|Any CPU
		{AFB7E413-24C0-4618-BA03-5B89B1E31F93}.Debug|x64.ActiveCfg = Debug|Any CPU
		{AFB7E413-24C0-4618-BA03-5B89B1E31F93}.Debug|x64.Build.0 = Debug|Any CPU
		{AFB7E413-24C0-4618-BA03-5B89B1E31F93}.Debug|x86.ActiveCfg = Debug|Any CPU
		{AFB7E413-24C0-4618-BA03-5B89B1E31F93}.Debug|x86.Build.0 = Debug|Any CPU
		{AFB7E413-24C0-4618-BA03-5B89B1E31F93}.Release|Any CPU.ActiveCfg = Release|Any CPU
		{AFB7E413-24C0-4618-BA03-5B89B1E31F93}.Release|Any CPU.Build.0 = Release|Any CPU
		{AFB7E413-24C0-4618-BA03-5B89B1E31F93}.Release|x64.ActiveCfg = Release|Any CPU
		{AFB7E413-24C0-4618-BA03-5B89B1E31F93}.Release|x64.Build.0 = Release|Any CPU
		{AFB7E413-24C0-4618-BA03-5B89B1E31F93}.Release|x86.ActiveCfg = Release|Any CPU
		{AFB7E413-24C0-4618-BA03-5B89B1E31F93}.Release|x86.Build.0 = Release|Any CPU
		{3B2C743E-4650-44DB-ADA8-023560902EA3}.Debug|Any CPU.ActiveCfg = Debug|Any CPU
		{3B2C743E-4650-44DB-ADA8-023560902EA3}.Debug|Any CPU.Build.0 = Debug|Any CPU
		{3B2C743E-4650-44DB-ADA8-023560902EA3}.Debug|x64.ActiveCfg = Debug|Any CPU
		{3B2C743E-4650-44DB-ADA8-023560902EA3}.Debug|x64.Build.0 = Debug|Any CPU
		{3B2C743E-4650-44DB-ADA8-023560902EA3}.Debug|x86.ActiveCfg = Debug|Any CPU
		{3B2C743E-4650-44DB-ADA8-023560902EA3}.Debug|x86.Build.0 = Debug|Any CPU
		{3B2C743E-4650-44DB-ADA8-023560902EA3}.Release|Any CPU.ActiveCfg = Release|Any CPU
		{3B2C743E-4650-44DB-ADA8-023560902EA3}.Release|Any CPU.Build.0 = Release|Any CPU
		{3B2C743E-4650-44DB-ADA8-023560902EA3}.Release|x64.ActiveCfg = Release|Any CPU
		{3B2C743E-4650-44DB-ADA8-023560902EA3}.Release|x64.Build.0 = Release|Any CPU
		{3B2C743E-4650-44DB-ADA8-023560902EA3}.Release|x86.ActiveCfg = Release|Any CPU
		{3B2C743E-4650-44DB-ADA8-023560902EA3}.Release|x86.Build.0 = Release|Any CPU
		{2ECA573F-E0EB-43B3-AB90-18FBD4CEA2AF}.Debug|Any CPU.ActiveCfg = Debug|Any CPU
		{2ECA573F-E0EB-43B3-AB90-18FBD4CEA2AF}.Debug|Any CPU.Build.0 = Debug|Any CPU
		{2ECA573F-E0EB-43B3-AB90-18FBD4CEA2AF}.Debug|x64.ActiveCfg = Debug|Any CPU
		{2ECA573F-E0EB-43B3-AB90-18FBD4CEA2AF}.Debug|x64.Build.0 = Debug|Any CPU
		{2ECA573F-E0EB-43B3-AB90-18FBD4CEA2AF}.Debug|x86.ActiveCfg = Debug|Any CPU
		{2ECA573F-E0EB-43B3-AB90-18FBD4CEA2AF}.Debug|x86.Build.0 = Debug|Any CPU
		{2ECA573F-E0EB-43B3-AB90-18FBD4CEA2AF}.Release|Any CPU.ActiveCfg = Release|Any CPU
		{2ECA573F-E0EB-43B3-AB90-18FBD4CEA2AF}.Release|Any CPU.Build.0 = Release|Any CPU
		{2ECA573F-E0EB-43B3-AB90-18FBD4CEA2AF}.Release|x64.ActiveCfg = Release|Any CPU
		{2ECA573F-E0EB-43B3-AB90-18FBD4CEA2AF}.Release|x64.Build.0 = Release|Any CPU
		{2ECA573F-E0EB-43B3-AB90-18FBD4CEA2AF}.Release|x86.ActiveCfg = Release|Any CPU
		{2ECA573F-E0EB-43B3-AB90-18FBD4CEA2AF}.Release|x86.Build.0 = Release|Any CPU
		{FF6C2D57-C6A7-48F3-A683-A04F826C73BB}.Debug|Any CPU.ActiveCfg = Debug|Any CPU
		{FF6C2D57-C6A7-48F3-A683-A04F826C73BB}.Debug|Any CPU.Build.0 = Debug|Any CPU
		{FF6C2D57-C6A7-48F3-A683-A04F826C73BB}.Debug|x64.ActiveCfg = Debug|Any CPU
		{FF6C2D57-C6A7-48F3-A683-A04F826C73BB}.Debug|x64.Build.0 = Debug|Any CPU
		{FF6C2D57-C6A7-48F3-A683-A04F826C73BB}.Debug|x86.ActiveCfg = Debug|Any CPU
		{FF6C2D57-C6A7-48F3-A683-A04F826C73BB}.Debug|x86.Build.0 = Debug|Any CPU
		{FF6C2D57-C6A7-48F3-A683-A04F826C73BB}.Release|Any CPU.ActiveCfg = Release|Any CPU
		{FF6C2D57-C6A7-48F3-A683-A04F826C73BB}.Release|Any CPU.Build.0 = Release|Any CPU
		{FF6C2D57-C6A7-48F3-A683-A04F826C73BB}.Release|x64.ActiveCfg = Release|Any CPU
		{FF6C2D57-C6A7-48F3-A683-A04F826C73BB}.Release|x64.Build.0 = Release|Any CPU
		{FF6C2D57-C6A7-48F3-A683-A04F826C73BB}.Release|x86.ActiveCfg = Release|Any CPU
		{FF6C2D57-C6A7-48F3-A683-A04F826C73BB}.Release|x86.Build.0 = Release|Any CPU
		{62FE9653-F651-47C1-84BE-04BA8F876730}.Debug|Any CPU.ActiveCfg = Debug|Any CPU
		{62FE9653-F651-47C1-84BE-04BA8F876730}.Debug|Any CPU.Build.0 = Debug|Any CPU
		{62FE9653-F651-47C1-84BE-04BA8F876730}.Debug|x64.ActiveCfg = Debug|Any CPU
		{62FE9653-F651-47C1-84BE-04BA8F876730}.Debug|x64.Build.0 = Debug|Any CPU
		{62FE9653-F651-47C1-84BE-04BA8F876730}.Debug|x86.ActiveCfg = Debug|Any CPU
		{62FE9653-F651-47C1-84BE-04BA8F876730}.Debug|x86.Build.0 = Debug|Any CPU
		{62FE9653-F651-47C1-84BE-04BA8F876730}.Release|Any CPU.ActiveCfg = Release|Any CPU
		{62FE9653-F651-47C1-84BE-04BA8F876730}.Release|Any CPU.Build.0 = Release|Any CPU
		{62FE9653-F651-47C1-84BE-04BA8F876730}.Release|x64.ActiveCfg = Release|Any CPU
		{62FE9653-F651-47C1-84BE-04BA8F876730}.Release|x64.Build.0 = Release|Any CPU
		{62FE9653-F651-47C1-84BE-04BA8F876730}.Release|x86.ActiveCfg = Release|Any CPU
		{62FE9653-F651-47C1-84BE-04BA8F876730}.Release|x86.Build.0 = Release|Any CPU
		{3C4F9621-A1F8-4BD3-A936-443352F9D25E}.Debug|Any CPU.ActiveCfg = Debug|Any CPU
		{3C4F9621-A1F8-4BD3-A936-443352F9D25E}.Debug|Any CPU.Build.0 = Debug|Any CPU
		{3C4F9621-A1F8-4BD3-A936-443352F9D25E}.Debug|x64.ActiveCfg = Debug|Any CPU
		{3C4F9621-A1F8-4BD3-A936-443352F9D25E}.Debug|x64.Build.0 = Debug|Any CPU
		{3C4F9621-A1F8-4BD3-A936-443352F9D25E}.Debug|x86.ActiveCfg = Debug|Any CPU
		{3C4F9621-A1F8-4BD3-A936-443352F9D25E}.Debug|x86.Build.0 = Debug|Any CPU
		{3C4F9621-A1F8-4BD3-A936-443352F9D25E}.Release|Any CPU.ActiveCfg = Release|Any CPU
		{3C4F9621-A1F8-4BD3-A936-443352F9D25E}.Release|Any CPU.Build.0 = Release|Any CPU
		{3C4F9621-A1F8-4BD3-A936-443352F9D25E}.Release|x64.ActiveCfg = Release|Any CPU
		{3C4F9621-A1F8-4BD3-A936-443352F9D25E}.Release|x64.Build.0 = Release|Any CPU
		{3C4F9621-A1F8-4BD3-A936-443352F9D25E}.Release|x86.ActiveCfg = Release|Any CPU
		{3C4F9621-A1F8-4BD3-A936-443352F9D25E}.Release|x86.Build.0 = Release|Any CPU
		{C88AE36E-59CF-4F4F-BBC0-205DE7BA6410}.Debug|Any CPU.ActiveCfg = Debug|Any CPU
		{C88AE36E-59CF-4F4F-BBC0-205DE7BA6410}.Debug|Any CPU.Build.0 = Debug|Any CPU
		{C88AE36E-59CF-4F4F-BBC0-205DE7BA6410}.Debug|x64.ActiveCfg = Debug|Any CPU
		{C88AE36E-59CF-4F4F-BBC0-205DE7BA6410}.Debug|x64.Build.0 = Debug|Any CPU
		{C88AE36E-59CF-4F4F-BBC0-205DE7BA6410}.Debug|x86.ActiveCfg = Debug|Any CPU
		{C88AE36E-59CF-4F4F-BBC0-205DE7BA6410}.Debug|x86.Build.0 = Debug|Any CPU
		{C88AE36E-59CF-4F4F-BBC0-205DE7BA6410}.Release|Any CPU.ActiveCfg = Release|Any CPU
		{C88AE36E-59CF-4F4F-BBC0-205DE7BA6410}.Release|Any CPU.Build.0 = Release|Any CPU
		{C88AE36E-59CF-4F4F-BBC0-205DE7BA6410}.Release|x64.ActiveCfg = Release|Any CPU
		{C88AE36E-59CF-4F4F-BBC0-205DE7BA6410}.Release|x64.Build.0 = Release|Any CPU
		{C88AE36E-59CF-4F4F-BBC0-205DE7BA6410}.Release|x86.ActiveCfg = Release|Any CPU
		{C88AE36E-59CF-4F4F-BBC0-205DE7BA6410}.Release|x86.Build.0 = Release|Any CPU
		{24B85DE5-A7AF-4C35-B647-050E1F7A1620}.Debug|Any CPU.ActiveCfg = Debug|Any CPU
		{24B85DE5-A7AF-4C35-B647-050E1F7A1620}.Debug|Any CPU.Build.0 = Debug|Any CPU
		{24B85DE5-A7AF-4C35-B647-050E1F7A1620}.Debug|x64.ActiveCfg = Debug|Any CPU
		{24B85DE5-A7AF-4C35-B647-050E1F7A1620}.Debug|x64.Build.0 = Debug|Any CPU
		{24B85DE5-A7AF-4C35-B647-050E1F7A1620}.Debug|x86.ActiveCfg = Debug|Any CPU
		{24B85DE5-A7AF-4C35-B647-050E1F7A1620}.Debug|x86.Build.0 = Debug|Any CPU
		{24B85DE5-A7AF-4C35-B647-050E1F7A1620}.Release|Any CPU.ActiveCfg = Release|Any CPU
		{24B85DE5-A7AF-4C35-B647-050E1F7A1620}.Release|Any CPU.Build.0 = Release|Any CPU
		{24B85DE5-A7AF-4C35-B647-050E1F7A1620}.Release|x64.ActiveCfg = Release|Any CPU
		{24B85DE5-A7AF-4C35-B647-050E1F7A1620}.Release|x64.Build.0 = Release|Any CPU
		{24B85DE5-A7AF-4C35-B647-050E1F7A1620}.Release|x86.ActiveCfg = Release|Any CPU
		{24B85DE5-A7AF-4C35-B647-050E1F7A1620}.Release|x86.Build.0 = Release|Any CPU
		{37B5BC74-8AC7-40EC-A819-A7BB13DEDE90}.Debug|Any CPU.ActiveCfg = Debug|Any CPU
		{37B5BC74-8AC7-40EC-A819-A7BB13DEDE90}.Debug|Any CPU.Build.0 = Debug|Any CPU
		{37B5BC74-8AC7-40EC-A819-A7BB13DEDE90}.Debug|x64.ActiveCfg = Debug|Any CPU
		{37B5BC74-8AC7-40EC-A819-A7BB13DEDE90}.Debug|x64.Build.0 = Debug|Any CPU
		{37B5BC74-8AC7-40EC-A819-A7BB13DEDE90}.Debug|x86.ActiveCfg = Debug|Any CPU
		{37B5BC74-8AC7-40EC-A819-A7BB13DEDE90}.Debug|x86.Build.0 = Debug|Any CPU
		{37B5BC74-8AC7-40EC-A819-A7BB13DEDE90}.Release|Any CPU.ActiveCfg = Release|Any CPU
		{37B5BC74-8AC7-40EC-A819-A7BB13DEDE90}.Release|Any CPU.Build.0 = Release|Any CPU
		{37B5BC74-8AC7-40EC-A819-A7BB13DEDE90}.Release|x64.ActiveCfg = Release|Any CPU
		{37B5BC74-8AC7-40EC-A819-A7BB13DEDE90}.Release|x64.Build.0 = Release|Any CPU
		{37B5BC74-8AC7-40EC-A819-A7BB13DEDE90}.Release|x86.ActiveCfg = Release|Any CPU
		{37B5BC74-8AC7-40EC-A819-A7BB13DEDE90}.Release|x86.Build.0 = Release|Any CPU
		{F987E874-20C2-450F-85B3-00165F92FBC4}.Debug|Any CPU.ActiveCfg = Debug|Any CPU
		{F987E874-20C2-450F-85B3-00165F92FBC4}.Debug|Any CPU.Build.0 = Debug|Any CPU
		{F987E874-20C2-450F-85B3-00165F92FBC4}.Debug|x64.ActiveCfg = Debug|Any CPU
		{F987E874-20C2-450F-85B3-00165F92FBC4}.Debug|x64.Build.0 = Debug|Any CPU
		{F987E874-20C2-450F-85B3-00165F92FBC4}.Debug|x86.ActiveCfg = Debug|Any CPU
		{F987E874-20C2-450F-85B3-00165F92FBC4}.Debug|x86.Build.0 = Debug|Any CPU
		{F987E874-20C2-450F-85B3-00165F92FBC4}.Release|Any CPU.ActiveCfg = Release|Any CPU
		{F987E874-20C2-450F-85B3-00165F92FBC4}.Release|Any CPU.Build.0 = Release|Any CPU
		{F987E874-20C2-450F-85B3-00165F92FBC4}.Release|x64.ActiveCfg = Release|Any CPU
		{F987E874-20C2-450F-85B3-00165F92FBC4}.Release|x64.Build.0 = Release|Any CPU
		{F987E874-20C2-450F-85B3-00165F92FBC4}.Release|x86.ActiveCfg = Release|Any CPU
		{F987E874-20C2-450F-85B3-00165F92FBC4}.Release|x86.Build.0 = Release|Any CPU
		{D4C56760-8EA1-4B04-A3CF-AFA27D9D8260}.Debug|Any CPU.ActiveCfg = Debug|Any CPU
		{D4C56760-8EA1-4B04-A3CF-AFA27D9D8260}.Debug|Any CPU.Build.0 = Debug|Any CPU
		{D4C56760-8EA1-4B04-A3CF-AFA27D9D8260}.Debug|x64.ActiveCfg = Debug|Any CPU
		{D4C56760-8EA1-4B04-A3CF-AFA27D9D8260}.Debug|x64.Build.0 = Debug|Any CPU
		{D4C56760-8EA1-4B04-A3CF-AFA27D9D8260}.Debug|x86.ActiveCfg = Debug|Any CPU
		{D4C56760-8EA1-4B04-A3CF-AFA27D9D8260}.Debug|x86.Build.0 = Debug|Any CPU
		{D4C56760-8EA1-4B04-A3CF-AFA27D9D8260}.Release|Any CPU.ActiveCfg = Release|Any CPU
		{D4C56760-8EA1-4B04-A3CF-AFA27D9D8260}.Release|Any CPU.Build.0 = Release|Any CPU
		{D4C56760-8EA1-4B04-A3CF-AFA27D9D8260}.Release|x64.ActiveCfg = Release|Any CPU
		{D4C56760-8EA1-4B04-A3CF-AFA27D9D8260}.Release|x64.Build.0 = Release|Any CPU
		{D4C56760-8EA1-4B04-A3CF-AFA27D9D8260}.Release|x86.ActiveCfg = Release|Any CPU
		{D4C56760-8EA1-4B04-A3CF-AFA27D9D8260}.Release|x86.Build.0 = Release|Any CPU
		{18DE4DBF-EEB7-4797-B605-133AC7B6EA12}.Debug|Any CPU.ActiveCfg = Debug|Any CPU
		{18DE4DBF-EEB7-4797-B605-133AC7B6EA12}.Debug|Any CPU.Build.0 = Debug|Any CPU
		{18DE4DBF-EEB7-4797-B605-133AC7B6EA12}.Debug|x64.ActiveCfg = Debug|Any CPU
		{18DE4DBF-EEB7-4797-B605-133AC7B6EA12}.Debug|x64.Build.0 = Debug|Any CPU
		{18DE4DBF-EEB7-4797-B605-133AC7B6EA12}.Debug|x86.ActiveCfg = Debug|Any CPU
		{18DE4DBF-EEB7-4797-B605-133AC7B6EA12}.Debug|x86.Build.0 = Debug|Any CPU
		{18DE4DBF-EEB7-4797-B605-133AC7B6EA12}.Release|Any CPU.ActiveCfg = Release|Any CPU
		{18DE4DBF-EEB7-4797-B605-133AC7B6EA12}.Release|Any CPU.Build.0 = Release|Any CPU
		{18DE4DBF-EEB7-4797-B605-133AC7B6EA12}.Release|x64.ActiveCfg = Release|Any CPU
		{18DE4DBF-EEB7-4797-B605-133AC7B6EA12}.Release|x64.Build.0 = Release|Any CPU
		{18DE4DBF-EEB7-4797-B605-133AC7B6EA12}.Release|x86.ActiveCfg = Release|Any CPU
		{18DE4DBF-EEB7-4797-B605-133AC7B6EA12}.Release|x86.Build.0 = Release|Any CPU
		{D44E6DE0-547D-43F6-A95E-34317A611FBB}.Debug|Any CPU.ActiveCfg = Debug|Any CPU
		{D44E6DE0-547D-43F6-A95E-34317A611FBB}.Debug|Any CPU.Build.0 = Debug|Any CPU
		{D44E6DE0-547D-43F6-A95E-34317A611FBB}.Debug|x64.ActiveCfg = Debug|Any CPU
		{D44E6DE0-547D-43F6-A95E-34317A611FBB}.Debug|x64.Build.0 = Debug|Any CPU
		{D44E6DE0-547D-43F6-A95E-34317A611FBB}.Debug|x86.ActiveCfg = Debug|Any CPU
		{D44E6DE0-547D-43F6-A95E-34317A611FBB}.Debug|x86.Build.0 = Debug|Any CPU
		{D44E6DE0-547D-43F6-A95E-34317A611FBB}.Release|Any CPU.ActiveCfg = Release|Any CPU
		{D44E6DE0-547D-43F6-A95E-34317A611FBB}.Release|Any CPU.Build.0 = Release|Any CPU
		{D44E6DE0-547D-43F6-A95E-34317A611FBB}.Release|x64.ActiveCfg = Release|Any CPU
		{D44E6DE0-547D-43F6-A95E-34317A611FBB}.Release|x64.Build.0 = Release|Any CPU
		{D44E6DE0-547D-43F6-A95E-34317A611FBB}.Release|x86.ActiveCfg = Release|Any CPU
		{D44E6DE0-547D-43F6-A95E-34317A611FBB}.Release|x86.Build.0 = Release|Any CPU
		{32CA00B7-8FD4-48B3-A419-472EA12B4D2D}.Debug|Any CPU.ActiveCfg = Debug|Any CPU
		{32CA00B7-8FD4-48B3-A419-472EA12B4D2D}.Debug|Any CPU.Build.0 = Debug|Any CPU
		{32CA00B7-8FD4-48B3-A419-472EA12B4D2D}.Debug|x64.ActiveCfg = Debug|Any CPU
		{32CA00B7-8FD4-48B3-A419-472EA12B4D2D}.Debug|x64.Build.0 = Debug|Any CPU
		{32CA00B7-8FD4-48B3-A419-472EA12B4D2D}.Debug|x86.ActiveCfg = Debug|Any CPU
		{32CA00B7-8FD4-48B3-A419-472EA12B4D2D}.Debug|x86.Build.0 = Debug|Any CPU
		{32CA00B7-8FD4-48B3-A419-472EA12B4D2D}.Release|Any CPU.ActiveCfg = Release|Any CPU
		{32CA00B7-8FD4-48B3-A419-472EA12B4D2D}.Release|Any CPU.Build.0 = Release|Any CPU
		{32CA00B7-8FD4-48B3-A419-472EA12B4D2D}.Release|x64.ActiveCfg = Release|Any CPU
		{32CA00B7-8FD4-48B3-A419-472EA12B4D2D}.Release|x64.Build.0 = Release|Any CPU
		{32CA00B7-8FD4-48B3-A419-472EA12B4D2D}.Release|x86.ActiveCfg = Release|Any CPU
		{32CA00B7-8FD4-48B3-A419-472EA12B4D2D}.Release|x86.Build.0 = Release|Any CPU
		{98E15647-0B27-471E-99FC-F59ECADC99A5}.Debug|Any CPU.ActiveCfg = Debug|Any CPU
		{98E15647-0B27-471E-99FC-F59ECADC99A5}.Debug|Any CPU.Build.0 = Debug|Any CPU
		{98E15647-0B27-471E-99FC-F59ECADC99A5}.Debug|x64.ActiveCfg = Debug|Any CPU
		{98E15647-0B27-471E-99FC-F59ECADC99A5}.Debug|x64.Build.0 = Debug|Any CPU
		{98E15647-0B27-471E-99FC-F59ECADC99A5}.Debug|x86.ActiveCfg = Debug|Any CPU
		{98E15647-0B27-471E-99FC-F59ECADC99A5}.Debug|x86.Build.0 = Debug|Any CPU
		{98E15647-0B27-471E-99FC-F59ECADC99A5}.Release|Any CPU.ActiveCfg = Release|Any CPU
		{98E15647-0B27-471E-99FC-F59ECADC99A5}.Release|Any CPU.Build.0 = Release|Any CPU
		{98E15647-0B27-471E-99FC-F59ECADC99A5}.Release|x64.ActiveCfg = Release|Any CPU
		{98E15647-0B27-471E-99FC-F59ECADC99A5}.Release|x64.Build.0 = Release|Any CPU
		{98E15647-0B27-471E-99FC-F59ECADC99A5}.Release|x86.ActiveCfg = Release|Any CPU
		{98E15647-0B27-471E-99FC-F59ECADC99A5}.Release|x86.Build.0 = Release|Any CPU
		{478ACE1D-F02D-48AB-AD53-FD073260B614}.Debug|Any CPU.ActiveCfg = Debug|Any CPU
		{478ACE1D-F02D-48AB-AD53-FD073260B614}.Debug|Any CPU.Build.0 = Debug|Any CPU
		{478ACE1D-F02D-48AB-AD53-FD073260B614}.Debug|x64.ActiveCfg = Debug|Any CPU
		{478ACE1D-F02D-48AB-AD53-FD073260B614}.Debug|x64.Build.0 = Debug|Any CPU
		{478ACE1D-F02D-48AB-AD53-FD073260B614}.Debug|x86.ActiveCfg = Debug|Any CPU
		{478ACE1D-F02D-48AB-AD53-FD073260B614}.Debug|x86.Build.0 = Debug|Any CPU
		{478ACE1D-F02D-48AB-AD53-FD073260B614}.Release|Any CPU.ActiveCfg = Release|Any CPU
		{478ACE1D-F02D-48AB-AD53-FD073260B614}.Release|Any CPU.Build.0 = Release|Any CPU
		{478ACE1D-F02D-48AB-AD53-FD073260B614}.Release|x64.ActiveCfg = Release|Any CPU
		{478ACE1D-F02D-48AB-AD53-FD073260B614}.Release|x64.Build.0 = Release|Any CPU
		{478ACE1D-F02D-48AB-AD53-FD073260B614}.Release|x86.ActiveCfg = Release|Any CPU
		{478ACE1D-F02D-48AB-AD53-FD073260B614}.Release|x86.Build.0 = Release|Any CPU
		{0D7C0F8C-5BCB-454F-A861-05F85D6B9490}.Debug|Any CPU.ActiveCfg = Debug|Any CPU
		{0D7C0F8C-5BCB-454F-A861-05F85D6B9490}.Debug|Any CPU.Build.0 = Debug|Any CPU
		{0D7C0F8C-5BCB-454F-A861-05F85D6B9490}.Debug|x64.ActiveCfg = Debug|Any CPU
		{0D7C0F8C-5BCB-454F-A861-05F85D6B9490}.Debug|x64.Build.0 = Debug|Any CPU
		{0D7C0F8C-5BCB-454F-A861-05F85D6B9490}.Debug|x86.ActiveCfg = Debug|Any CPU
		{0D7C0F8C-5BCB-454F-A861-05F85D6B9490}.Debug|x86.Build.0 = Debug|Any CPU
		{0D7C0F8C-5BCB-454F-A861-05F85D6B9490}.Release|Any CPU.ActiveCfg = Release|Any CPU
		{0D7C0F8C-5BCB-454F-A861-05F85D6B9490}.Release|Any CPU.Build.0 = Release|Any CPU
		{0D7C0F8C-5BCB-454F-A861-05F85D6B9490}.Release|x64.ActiveCfg = Release|Any CPU
		{0D7C0F8C-5BCB-454F-A861-05F85D6B9490}.Release|x64.Build.0 = Release|Any CPU
		{0D7C0F8C-5BCB-454F-A861-05F85D6B9490}.Release|x86.ActiveCfg = Release|Any CPU
		{0D7C0F8C-5BCB-454F-A861-05F85D6B9490}.Release|x86.Build.0 = Release|Any CPU
		{777EDDD4-8B99-4069-8F19-DCDD3D4C3BC1}.Debug|Any CPU.ActiveCfg = Debug|Any CPU
		{777EDDD4-8B99-4069-8F19-DCDD3D4C3BC1}.Debug|Any CPU.Build.0 = Debug|Any CPU
		{777EDDD4-8B99-4069-8F19-DCDD3D4C3BC1}.Debug|x64.ActiveCfg = Debug|Any CPU
		{777EDDD4-8B99-4069-8F19-DCDD3D4C3BC1}.Debug|x64.Build.0 = Debug|Any CPU
		{777EDDD4-8B99-4069-8F19-DCDD3D4C3BC1}.Debug|x86.ActiveCfg = Debug|Any CPU
		{777EDDD4-8B99-4069-8F19-DCDD3D4C3BC1}.Debug|x86.Build.0 = Debug|Any CPU
		{777EDDD4-8B99-4069-8F19-DCDD3D4C3BC1}.Release|Any CPU.ActiveCfg = Release|Any CPU
		{777EDDD4-8B99-4069-8F19-DCDD3D4C3BC1}.Release|Any CPU.Build.0 = Release|Any CPU
		{777EDDD4-8B99-4069-8F19-DCDD3D4C3BC1}.Release|x64.ActiveCfg = Release|Any CPU
		{777EDDD4-8B99-4069-8F19-DCDD3D4C3BC1}.Release|x64.Build.0 = Release|Any CPU
		{777EDDD4-8B99-4069-8F19-DCDD3D4C3BC1}.Release|x86.ActiveCfg = Release|Any CPU
		{777EDDD4-8B99-4069-8F19-DCDD3D4C3BC1}.Release|x86.Build.0 = Release|Any CPU
		{A0F2E9AC-1AF7-43D0-880A-20E0C65D16EF}.Debug|Any CPU.ActiveCfg = Debug|Any CPU
		{A0F2E9AC-1AF7-43D0-880A-20E0C65D16EF}.Debug|Any CPU.Build.0 = Debug|Any CPU
		{A0F2E9AC-1AF7-43D0-880A-20E0C65D16EF}.Debug|x64.ActiveCfg = Debug|Any CPU
		{A0F2E9AC-1AF7-43D0-880A-20E0C65D16EF}.Debug|x64.Build.0 = Debug|Any CPU
		{A0F2E9AC-1AF7-43D0-880A-20E0C65D16EF}.Debug|x86.ActiveCfg = Debug|Any CPU
		{A0F2E9AC-1AF7-43D0-880A-20E0C65D16EF}.Debug|x86.Build.0 = Debug|Any CPU
		{A0F2E9AC-1AF7-43D0-880A-20E0C65D16EF}.Release|Any CPU.ActiveCfg = Release|Any CPU
		{A0F2E9AC-1AF7-43D0-880A-20E0C65D16EF}.Release|Any CPU.Build.0 = Release|Any CPU
		{A0F2E9AC-1AF7-43D0-880A-20E0C65D16EF}.Release|x64.ActiveCfg = Release|Any CPU
		{A0F2E9AC-1AF7-43D0-880A-20E0C65D16EF}.Release|x64.Build.0 = Release|Any CPU
		{A0F2E9AC-1AF7-43D0-880A-20E0C65D16EF}.Release|x86.ActiveCfg = Release|Any CPU
		{A0F2E9AC-1AF7-43D0-880A-20E0C65D16EF}.Release|x86.Build.0 = Release|Any CPU
		{5D083983-1D52-40A1-8F60-67392F6E6802}.Debug|Any CPU.ActiveCfg = Debug|Any CPU
		{5D083983-1D52-40A1-8F60-67392F6E6802}.Debug|Any CPU.Build.0 = Debug|Any CPU
		{5D083983-1D52-40A1-8F60-67392F6E6802}.Debug|x64.ActiveCfg = Debug|Any CPU
		{5D083983-1D52-40A1-8F60-67392F6E6802}.Debug|x64.Build.0 = Debug|Any CPU
		{5D083983-1D52-40A1-8F60-67392F6E6802}.Debug|x86.ActiveCfg = Debug|Any CPU
		{5D083983-1D52-40A1-8F60-67392F6E6802}.Debug|x86.Build.0 = Debug|Any CPU
		{5D083983-1D52-40A1-8F60-67392F6E6802}.Release|Any CPU.ActiveCfg = Release|Any CPU
		{5D083983-1D52-40A1-8F60-67392F6E6802}.Release|Any CPU.Build.0 = Release|Any CPU
		{5D083983-1D52-40A1-8F60-67392F6E6802}.Release|x64.ActiveCfg = Release|Any CPU
		{5D083983-1D52-40A1-8F60-67392F6E6802}.Release|x64.Build.0 = Release|Any CPU
		{5D083983-1D52-40A1-8F60-67392F6E6802}.Release|x86.ActiveCfg = Release|Any CPU
		{5D083983-1D52-40A1-8F60-67392F6E6802}.Release|x86.Build.0 = Release|Any CPU
	EndGlobalSection
	GlobalSection(SolutionProperties) = preSolution
		HideSolutionNode = FALSE
	EndGlobalSection
	GlobalSection(NestedProjects) = preSolution
		{5311FFC8-C0AD-4DEC-B426-044B6F436660} = {827E0CD3-B72D-47B6-A68D-7590B98EB39B}
		{1D6B5FC2-6A4A-4638-AC92-1B40F3AAB213} = {827E0CD3-B72D-47B6-A68D-7590B98EB39B}
		{AAAFCB0F-EF44-4451-87FE-B56E2BBF0982} = {827E0CD3-B72D-47B6-A68D-7590B98EB39B}
		{96B6706C-DED4-42BA-A2E5-C2E474B57283} = {827E0CD3-B72D-47B6-A68D-7590B98EB39B}
		{31182574-A080-49AE-84CF-4415C20B013E} = {827E0CD3-B72D-47B6-A68D-7590B98EB39B}
		{F8779D23-33D2-4AF9-8C4B-E5A41043D637} = {827E0CD3-B72D-47B6-A68D-7590B98EB39B}
		{AFB7E413-24C0-4618-BA03-5B89B1E31F93} = {827E0CD3-B72D-47B6-A68D-7590B98EB39B}
		{3B2C743E-4650-44DB-ADA8-023560902EA3} = {827E0CD3-B72D-47B6-A68D-7590B98EB39B}
		{2ECA573F-E0EB-43B3-AB90-18FBD4CEA2AF} = {827E0CD3-B72D-47B6-A68D-7590B98EB39B}
		{FF6C2D57-C6A7-48F3-A683-A04F826C73BB} = {827E0CD3-B72D-47B6-A68D-7590B98EB39B}
		{62FE9653-F651-47C1-84BE-04BA8F876730} = {827E0CD3-B72D-47B6-A68D-7590B98EB39B}
		{3C4F9621-A1F8-4BD3-A936-443352F9D25E} = {827E0CD3-B72D-47B6-A68D-7590B98EB39B}
		{C88AE36E-59CF-4F4F-BBC0-205DE7BA6410} = {A39C23D2-F2C0-258D-165A-CF1E7FEE6E7B}
		{24B85DE5-A7AF-4C35-B647-050E1F7A1620} = {0AB3BF05-4346-4AA6-1389-037BE0695223}
		{37B5BC74-8AC7-40EC-A819-A7BB13DEDE90} = {0AB3BF05-4346-4AA6-1389-037BE0695223}
		{F987E874-20C2-450F-85B3-00165F92FBC4} = {0AB3BF05-4346-4AA6-1389-037BE0695223}
		{D4C56760-8EA1-4B04-A3CF-AFA27D9D8260} = {0AB3BF05-4346-4AA6-1389-037BE0695223}
		{18DE4DBF-EEB7-4797-B605-133AC7B6EA12} = {760AB15A-8938-8D9B-BEDE-5CE1484B84C3}
		{D44E6DE0-547D-43F6-A95E-34317A611FBB} = {0AB3BF05-4346-4AA6-1389-037BE0695223}
		{32CA00B7-8FD4-48B3-A419-472EA12B4D2D} = {0AB3BF05-4346-4AA6-1389-037BE0695223}
		{98E15647-0B27-471E-99FC-F59ECADC99A5} = {0AB3BF05-4346-4AA6-1389-037BE0695223}
		{478ACE1D-F02D-48AB-AD53-FD073260B614} = {0AB3BF05-4346-4AA6-1389-037BE0695223}
		{0D7C0F8C-5BCB-454F-A861-05F85D6B9490} = {0AB3BF05-4346-4AA6-1389-037BE0695223}
		{777EDDD4-8B99-4069-8F19-DCDD3D4C3BC1} = {0AB3BF05-4346-4AA6-1389-037BE0695223}
		{A0F2E9AC-1AF7-43D0-880A-20E0C65D16EF} = {0AB3BF05-4346-4AA6-1389-037BE0695223}
		{5D083983-1D52-40A1-8F60-67392F6E6802} = {0AB3BF05-4346-4AA6-1389-037BE0695223}
	EndGlobalSection
EndGlobal
